
Microsoft Visual Studio Solution File, Format Version 12.00
# Visual Studio Version 17
VisualStudioVersion = 17.3.32901.215
MinimumVisualStudioVersion = 10.0.40219.1
Project("{FAE04EC0-301F-11D3-BF4B-00C04F79EFBC}") = "ZeroHunger-NGO", "ZeroHunger-NGO\ZeroHunger-NGO.csproj", "{0B111E61-EA01-4925-83F1-BD87E7C075D1}"
EndProject
Global
	GlobalSection(SolutionConfigurationPlatforms) = preSolution
		Debug|Any CPU = Debug|Any CPU
		Release|Any CPU = Release|Any CPU
	EndGlobalSection
	GlobalSection(ProjectConfigurationPlatforms) = postSolution
		{0B111E61-EA01-4925-83F1-BD87E7C075D1}.Debug|Any CPU.ActiveCfg = Debug|Any CPU
		{0B111E61-EA01-4925-83F1-BD87E7C075D1}.Debug|Any CPU.Build.0 = Debug|Any CPU
		{0B111E61-EA01-4925-83F1-BD87E7C075D1}.Release|Any CPU.ActiveCfg = Release|Any CPU
		{0B111E61-EA01-4925-83F1-BD87E7C075D1}.Release|Any CPU.Build.0 = Release|Any CPU
	EndGlobalSection
	GlobalSection(SolutionProperties) = preSolution
		HideSolutionNode = FALSE
	EndGlobalSection
	GlobalSection(ExtensibilityGlobals) = postSolution
		SolutionGuid = {1FB55C40-2CE6-487E-A5D2-B2B5893D9949}
	EndGlobalSection
EndGlobal
